
Microsoft Visual Studio Solution File, Format Version 12.00
# Visual Studio Version 17
VisualStudioVersion = 17.5.33530.505
MinimumVisualStudioVersion = 10.0.40219.1
Project("{FAE04EC0-301F-11D3-BF4B-00C04F79EFBC}") = "BuildingControl", "BuildingControl.csproj", "{11D79FF8-7487-4D16-8B94-D9C7B7FC1E98}"
EndProject
Global
	GlobalSection(SolutionConfigurationPlatforms) = preSolution
		Debug|Any CPU = Debug|Any CPU
		Release|Any CPU = Release|Any CPU
	EndGlobalSection
	GlobalSection(ProjectConfigurationPlatforms) = postSolution
		{11D79FF8-7487-4D16-8B94-D9C7B7FC1E98}.Debug|Any CPU.ActiveCfg = Debug|Any CPU
		{11D79FF8-7487-4D16-8B94-D9C7B7FC1E98}.Debug|Any CPU.Build.0 = Debug|Any CPU
		{11D79FF8-7487-4D16-8B94-D9C7B7FC1E98}.Release|Any CPU.ActiveCfg = Release|Any CPU
		{11D79FF8-7487-4D16-8B94-D9C7B7FC1E98}.Release|Any CPU.Build.0 = Release|Any CPU
	EndGlobalSection
	GlobalSection(SolutionProperties) = preSolution
		HideSolutionNode = FALSE
	EndGlobalSection
	GlobalSection(ExtensibilityGlobals) = postSolution
		SolutionGuid = {B62F9A2F-50CC-469A-B404-D0878AFFDAE2}
	EndGlobalSection
	GlobalSection(SharedMSBuildProjectFiles) = preSolution
		..\AlgernonCommons\AlgernonCommonsPatchingShared.projitems*{11d79ff8-7487-4d16-8b94-d9c7b7fc1e98}*SharedItemsImports = 5
	EndGlobalSection
EndGlobal
